// !$*UTF8*$!
{
	archiveVersion = 1;
	classes = {
	};
	objectVersion = 56;
	objects = {

/* Begin PBXBuildFile section */
		5B1A2E382C8F0A9C00123456 /* ArticleAppApp.swift in Sources */ = {isa = PBXBuildFile; fileRef = 5B1A2E372C8F0A9C00123456 /* ArticleAppApp.swift */; };
		5B1A2E3A2C8F0A9C00123456 /* AppDelegate.swift in Sources */ = {isa = PBXBuildFile; fileRef = 5B1A2E392C8F0A9C00123456 /* AppDelegate.swift */; };
		5B1A2E3C2C8F0A9C00123456 /* AppState.swift in Sources */ = {isa = PBXBuildFile; fileRef = 5B1A2E3B2C8F0A9C00123456 /* AppState.swift */; };
		5B1A2E3E2C8F0A9C00123456 /* Article.swift in Sources */ = {isa = PBXBuildFile; fileRef = 5B1A2E3D2C8F0A9C00123456 /* Article.swift */; };
		5B1A2E402C8F0A9C00123456 /* ArticleApi.swift in Sources */ = {isa = PBXBuildFile; fileRef = 5B1A2E3F2C8F0A9C00123456 /* ArticleApi.swift */; };
		5B1A2E422C8F0A9C00123456 /* RootView.swift in Sources */ = {isa = PBXBuildFile; fileRef = 5B1A2E412C8F0A9C00123456 /* RootView.swift */; };
		5B1A2E442C8F0A9C00123456 /* ArticleListPage.swift in Sources */ = {isa = PBXBuildFile; fileRef = 5B1A2E432C8F0A9C00123456 /* ArticleListPage.swift */; };
		5B1A2E462C8F0A9C00123456 /* MinePage.swift in Sources */ = {isa = PBXBuildFile; fileRef = 5B1A2E452C8F0A9C00123456 /* MinePage.swift */; };
		5B1A2E482C8F0A9C00123456 /* ArticleDetailPage.swift in Sources */ = {isa = PBXBuildFile; fileRef = 5B1A2E472C8F0A9C00123456 /* ArticleDetailPage.swift */; };
		5B1A2E4A2C8F0A9C00123456 /* LoginPage.swift in Sources */ = {isa = PBXBuildFile; fileRef = 5B1A2E492C8F0A9C00123456 /* LoginPage.swift */; };
		5B1A2E4C2C8F0A9C00123456 /* UniversalLinkSheetView.swift in Sources */ = {isa = PBXBuildFile; fileRef = 5B1A2E4B2C8F0A9C00123456 /* UniversalLinkSheetView.swift */; };
		5B1A2E4E2C8F0A9C00123456 /* ClipboardSheetView.swift in Sources */ = {isa = PBXBuildFile; fileRef = 5B1A2E4D2C8F0A9C00123456 /* ClipboardSheetView.swift */; };
		5B1A2E502C8F0A9C00123456 /* WeChatBridge.swift in Sources */ = {isa = PBXBuildFile; fileRef = 5B1A2E4F2C8F0A9C00123456 /* WeChatBridge.swift */; };
		5B1A2E522C8F0A9C00123456 /* ScrollToBottom.swift in Sources */ = {isa = PBXBuildFile; fileRef = 5B1A2E512C8F0A9C00123456 /* ScrollToBottom.swift */; };
		5B1A2E542C8F0A9E00123456 /* Assets.xcassets in Resources */ = {isa = PBXBuildFile; fileRef = 5B1A2E532C8F0A9E00123456 /* Assets.xcassets */; };
		5B1A2E572C8F0A9E00123456 /* Preview Assets.xcassets in Resources */ = {isa = PBXBuildFile; fileRef = 5B1A2E562C8F0A9E00123456 /* Preview Assets.xcassets */; };
/* End PBXBuildFile section */

/* Begin PBXFileReference section */
		5B1A2E342C8F0A9C00123456 /* ArticleApp.app */ = {isa = PBXFileReference; explicitFileType = wrapper.application; includeInIndex = 0; path = ArticleApp.app; sourceTree = BUILT_PRODUCTS_DIR; };
		5B1A2E372C8F0A9C00123456 /* ArticleAppApp.swift */ = {isa = PBXFileReference; lastKnownFileType = sourcecode.swift; path = ArticleAppApp.swift; sourceTree = "<group>"; };
		5B1A2E392C8F0A9C00123456 /* AppDelegate.swift */ = {isa = PBXFileReference; lastKnownFileType = sourcecode.swift; path = AppDelegate.swift; sourceTree = "<group>"; };
		5B1A2E3B2C8F0A9C00123456 /* AppState.swift */ = {isa = PBXFileReference; lastKnownFileType = sourcecode.swift; path = AppState.swift; sourceTree = "<group>"; };
		5B1A2E3D2C8F0A9C00123456 /* Article.swift */ = {isa = PBXFileReference; lastKnownFileType = sourcecode.swift; path = Article.swift; sourceTree = "<group>"; };
		5B1A2E3F2C8F0A9C00123456 /* ArticleApi.swift */ = {isa = PBXFileReference; lastKnownFileType = sourcecode.swift; path = ArticleApi.swift; sourceTree = "<group>"; };
		5B1A2E412C8F0A9C00123456 /* RootView.swift */ = {isa = PBXFileReference; lastKnownFileType = sourcecode.swift; path = RootView.swift; sourceTree = "<group>"; };
		5B1A2E432C8F0A9C00123456 /* ArticleListPage.swift */ = {isa = PBXFileReference; lastKnownFileType = sourcecode.swift; path = ArticleListPage.swift; sourceTree = "<group>"; };
		5B1A2E452C8F0A9C00123456 /* MinePage.swift */ = {isa = PBXFileReference; lastKnownFileType = sourcecode.swift; path = MinePage.swift; sourceTree = "<group>"; };
		5B1A2E472C8F0A9C00123456 /* ArticleDetailPage.swift */ = {isa = PBXFileReference; lastKnownFileType = sourcecode.swift; path = ArticleDetailPage.swift; sourceTree = "<group>"; };
		5B1A2E492C8F0A9C00123456 /* LoginPage.swift */ = {isa = PBXFileReference; lastKnownFileType = sourcecode.swift; path = LoginPage.swift; sourceTree = "<group>"; };
		5B1A2E4B2C8F0A9C00123456 /* UniversalLinkSheetView.swift */ = {isa = PBXFileReference; lastKnownFileType = sourcecode.swift; path = UniversalLinkSheetView.swift; sourceTree = "<group>"; };
		5B1A2E4D2C8F0A9C00123456 /* ClipboardSheetView.swift */ = {isa = PBXFileReference; lastKnownFileType = sourcecode.swift; path = ClipboardSheetView.swift; sourceTree = "<group>"; };
		5B1A2E4F2C8F0A9C00123456 /* WeChatBridge.swift */ = {isa = PBXFileReference; lastKnownFileType = sourcecode.swift; path = WeChatBridge.swift; sourceTree = "<group>"; };
		5B1A2E512C8F0A9C00123456 /* ScrollToBottom.swift */ = {isa = PBXFileReference; lastKnownFileType = sourcecode.swift; path = ScrollToBottom.swift; sourceTree = "<group>"; };
		5B1A2E532C8F0A9E00123456 /* Assets.xcassets */ = {isa = PBXFileReference; lastKnownFileType = folder.assetcatalog; path = Assets.xcassets; sourceTree = "<group>"; };
		5B1A2E562C8F0A9E00123456 /* Preview Assets.xcassets */ = {isa = PBXFileReference; lastKnownFileType = folder.assetcatalog; path = "Preview Assets.xcassets"; sourceTree = "<group>"; };
		5B1A2E582C8F0A9E00123456 /* Info.plist */ = {isa = PBXFileReference; lastKnownFileType = text.plist.xml; path = Info.plist; sourceTree = "<group>"; };
/* End PBXFileReference section */

/* Begin PBXFrameworksBuildPhase section */
		5B1A2E312C8F0A9C00123456 /* Frameworks */ = {
			isa = PBXFrameworksBuildPhase;
			buildActionMask = 2147483647;
			files = (
			);
			runOnlyForDeploymentPostprocessing = 0;
		};
/* End PBXFrameworksBuildPhase section */

/* Begin PBXGroup section */
		5B1A2E2B2C8F0A9C00123456 = {
			isa = PBXGroup;
			children = (
				5B1A2E362C8F0A9C00123456 /* ArticleApp */,
				5B1A2E352C8F0A9C00123456 /* Products */,
			);
			sourceTree = "<group>";
		};
		5B1A2E352C8F0A9C00123456 /* Products */ = {
			isa = PBXGroup;
			children = (
				5B1A2E342C8F0A9C00123456 /* ArticleApp.app */,
			);
			name = Products;
			sourceTree = "<group>";
		};
		5B1A2E362C8F0A9C00123456 /* ArticleApp */ = {
			isa = PBXGroup;
			children = (
				5B1A2E372C8F0A9C00123456 /* ArticleAppApp.swift */,
				5B1A2E392C8F0A9C00123456 /* AppDelegate.swift */,
				5B1A2E3B2C8F0A9C00123456 /* AppState.swift */,
				5B1A2E5E2C8F0B0000123456 /* Models */,
				5B1A2E5F2C8F0B0700123456 /* API */,
				5B1A2E602C8F0B0E00123456 /* Views */,
				5B1A2E632C8F0B2700123456 /* Bridge */,
				5B1A2E642C8F0B2E00123456 /* Utils */,
				5B1A2E532C8F0A9E00123456 /* Assets.xcassets */,
				5B1A2E582C8F0A9E00123456 /* Info.plist */,
				5B1A2E552C8F0A9E00123456 /* Preview Content */,
			);
			path = ArticleApp;
			sourceTree = "<group>";
		};
		5B1A2E552C8F0A9E00123456 /* Preview Content */ = {
			isa = PBXGroup;
			children = (
				5B1A2E562C8F0A9E00123456 /* Preview Assets.xcassets */,
			);
			path = "Preview Content";
			sourceTree = "<group>";
		};
		5B1A2E5E2C8F0B0000123456 /* Models */ = {
			isa = PBXGroup;
			children = (
				5B1A2E3D2C8F0A9C00123456 /* Article.swift */,
			);
			path = Models;
			sourceTree = "<group>";
		};
		5B1A2E5F2C8F0B0700123456 /* API */ = {
			isa = PBXGroup;
			children = (
				5B1A2E3F2C8F0A9C00123456 /* ArticleApi.swift */,
			);
			path = API;
			sourceTree = "<group>";
		};
		5B1A2E602C8F0B0E00123456 /* Views */ = {
			isa = PBXGroup;
			children = (
				5B1A2E412C8F0A9C00123456 /* RootView.swift */,
				5B1A2E612C8F0B1500123456 /* Tab */,
				5B1A2E622C8F0B1B00123456 /* Detail */,
				5B1A2E652C8F0B3500123456 /* Login */,
				5B1A2E662C8F0B3B00123456 /* Sheet */,
			);
			path = Views;
			sourceTree = "<group>";
		};
		5B1A2E612C8F0B1500123456 /* Tab */ = {
			isa = PBXGroup;
			children = (
				5B1A2E432C8F0A9C00123456 /* ArticleListPage.swift */,
				5B1A2E452C8F0A9C00123456 /* MinePage.swift */,
			);
			path = Tab;
			sourceTree = "<group>";
		};
		5B1A2E622C8F0B1B00123456 /* Detail */ = {
			isa = PBXGroup;
			children = (
				5B1A2E472C8F0A9C00123456 /* ArticleDetailPage.swift */,
			);
			path = Detail;
			sourceTree = "<group>";
		};
		5B1A2E632C8F0B2700123456 /* Bridge */ = {
			isa = PBXGroup;
			children = (
				5B1A2E4F2C8F0A9C00123456 /* WeChatBridge.swift */,
			);
			path = Bridge;
			sourceTree = "<group>";
		};
		5B1A2E642C8F0B2E00123456 /* Utils */ = {
			isa = PBXGroup;
			children = (
				5B1A2E512C8F0A9C00123456 /* ScrollToBottom.swift */,
			);
			path = Utils;
			sourceTree = "<group>";
		};
		5B1A2E652C8F0B3500123456 /* Login */ = {
			isa = PBXGroup;
			children = (
				5B1A2E492C8F0A9C00123456 /* LoginPage.swift */,
			);
			path = Login;
			sourceTree = "<group>";
		};
		5B1A2E662C8F0B3B00123456 /* Sheet */ = {
			isa = PBXGroup;
			children = (
				5B1A2E4B2C8F0A9C00123456 /* UniversalLinkSheetView.swift */,
				5B1A2E4D2C8F0A9C00123456 /* ClipboardSheetView.swift */,
			);
			path = Sheet;
			sourceTree = "<group>";
		};
/* End PBXGroup section */

/* Begin PBXNativeTarget section */
		5B1A2E332C8F0A9C00123456 /* ArticleApp */ = {
			isa = PBXNativeTarget;
			buildConfigurationList = 5B1A2E5B2C8F0A9E00123456 /* Build configuration list for PBXNativeTarget "ArticleApp" */;
			buildPhases = (
				5B1A2E302C8F0A9C00123456 /* Sources */,
				5B1A2E312C8F0A9C00123456 /* Frameworks */,
				5B1A2E322C8F0A9C00123456 /* Resources */,
			);
			buildRules = (
			);
			dependencies = (
			);
			name = ArticleApp;
			productName = ArticleApp;
			productReference = 5B1A2E342C8F0A9C00123456 /* ArticleApp.app */;
			productType = "com.apple.product-type.application";
		};
/* End PBXNativeTarget section */

/* Begin PBXProject section */
		5B1A2E2C2C8F0A9C00123456 /* Project object */ = {
			isa = PBXProject;
			attributes = {
				BuildIndependentTargetsInParallel = 1;
				LastSwiftUpdateCheck = 1540;
				LastUpgradeCheck = 1540;
				TargetAttributes = {
					5B1A2E332C8F0A9C00123456 = {
						CreatedOnToolsVersion = 15.4;
					};
				};
			};
			buildConfigurationList = 5B1A2E2F2C8F0A9C00123456 /* Build configuration list for PBXProject "ArticleApp" */;
			compatibilityVersion = "Xcode 14.0";
			developmentRegion = en;
			hasScannedForEncodings = 0;
			knownRegions = (
				en,
				Base,
			);
			mainGroup = 5B1A2E2B2C8F0A9C00123456;
			productRefGroup = 5B1A2E352C8F0A9C00123456 /* Products */;
			projectDirPath = "";
			projectRoot = "";
			targets = (
				5B1A2E332C8F0A9C00123456 /* ArticleApp */,
			);
		};
/* End PBXProject section */

/* Begin PBXResourcesBuildPhase section */
		5B1A2E322C8F0A9C00123456 /* Resources */ = {
			isa = PBXResourcesBuildPhase;
			buildActionMask = 2147483647;
			files = (
				5B1A2E572C8F0A9E00123456 /* Preview Assets.xcassets in Resources */,
				5B1A2E542C8F0A9E00123456 /* Assets.xcassets in Resources */,
			);
			runOnlyForDeploymentPostprocessing = 0;
		};
/* End PBXResourcesBuildPhase section */

/* Begin PBXSourcesBuildPhase section */
		5B1A2E302C8F0A9C00123456 /* Sources */ = {
			isa = PBXSourcesBuildPhase;
			buildActionMask = 2147483647;
			files = (
				5B1A2E382C8F0A9C00123456 /* ArticleAppApp.swift in Sources */,
				5B1A2E3A2C8F0A9C00123456 /* AppDelegate.swift in Sources */,
				5B1A2E3C2C8F0A9C00123456 /* AppState.swift in Sources */,
				5B1A2E3E2C8F0A9C00123456 /* Article.swift in Sources */,
				5B1A2E402C8F0A9C00123456 /* ArticleApi.swift in Sources */,
				5B1A2E422C8F0A9C00123456 /* RootView.swift in Sources */,
				5B1A2E442C8F0A9C00123456 /* ArticleListPage.swift in Sources */,
				5B1A2E462C8F0A9C00123456 /* MinePage.swift in Sources */,
				5B1A2E482C8F0A9C00123456 /* ArticleDetailPage.swift in Sources */,
				5B1A2E4A2C8F0A9C00123456 /* LoginPage.swift in Sources */,
				5B1A2E4C2C8F0A9C00123456 /* UniversalLinkSheetView.swift in Sources */,
				5B1A2E4E2C8F0A9C00123456 /* ClipboardSheetView.swift in Sources */,
				5B1A2E502C8F0A9C00123456 /* WeChatBridge.swift in Sources */,
				5B1A2E522C8F0A9C00123456 /* ScrollToBottom.swift in Sources */,
			);
			runOnlyForDeploymentPostprocessing = 0;
		};
/* End PBXSourcesBuildPhase section */

/* Begin XCBuildConfiguration section */
		5B1A2E592C8F0A9E00123456 /* Debug */ = {
			isa = XCBuildConfiguration;
			buildSettings = {
				ALWAYS_SEARCH_USER_PATHS = NO;
				ASSETCATALOG_COMPILER_GENERATE_SWIFT_ASSET_SYMBOL_EXTENSIONS = YES;
				CLANG_ANALYZER_NONNULL = YES;
				CLANG_ANALYZER_NUMBER_OBJECT_CONVERSION = YES_AGGRESSIVE;
				CLANG_CXX_LANGUAGE_STANDARD = "gnu++20";
				CLANG_ENABLE_MODULES = YES;
				CLANG_ENABLE_OBJC_ARC = YES;
				CLANG_ENABLE_OBJC_WEAK = YES;
				CLANG_WARN_BLOCK_CAPTURE_AUTORELEASING = YES;
				CLANG_WARN_BOOL_CONVERSION = YES;
				CLANG_WARN_COMMA = YES;
				CLANG_WARN_CONSTANT_CONVERSION = YES;
				CLANG_WARN_DEPRECATED_OBJC_IMPLEMENTATIONS = YES;
				CLANG_WARN_DIRECT_OBJC_ISA_USAGE = YES_ERROR;
				CLANG_WARN_DOCUMENTATION_COMMENTS = YES;
				CLANG_WARN_EMPTY_BODY = YES;
				CLANG_WARN_ENUM_CONVERSION = YES;
				CLANG_WARN_INFINITE_RECURSION = YES;
				CLANG_WARN_INT_CONVERSION = YES;
				CLANG_WARN_NON_LITERAL_NULL_CONVERSION = YES;
				CLANG_WARN_OBJC_IMPLICIT_RETAIN_SELF = YES;
				CLANG_WARN_OBJC_LITERAL_CONVERSION = YES;
				CLANG_WARN_OBJC_ROOT_CLASS = YES_ERROR;
				CLANG_WARN_QUOTED_INCLUDE_IN_FRAMEWORK_HEADER = YES;
				CLANG_WARN_RANGE_LOOP_ANALYSIS = YES;
				CLANG_WARN_STRICT_PROTOTYPES = YES;
				CLANG_WARN_SUSPICIOUS_MOVE = YES;
				CLANG_WARN_UNGUARDED_AVAILABILITY = YES_AGGRESSIVE;
				CLANG_WARN_UNREACHABLE_CODE = YES;
				CLANG_WARN__DUPLICATE_METHOD_MATCH = YES;
				COPY_PHASE_STRIP = NO;
				DEBUG_INFORMATION_FORMAT = dwarf;
				ENABLE_STRICT_OBJC_MSGSEND = YES;
				ENABLE_TESTABILITY = YES;
				ENABLE_USER_SCRIPT_SANDBOXING = YES;
				GCC_C_LANGUAGE_STANDARD = gnu17;
				GCC_DYNAMIC_NO_PIC = NO;
				GCC_NO_COMMON_BLOCKS = YES;
				GCC_OPTIMIZATION_LEVEL = 0;
				GCC_PREPROCESSOR_DEFINITIONS = (
					"DEBUG=1",
					"$(inherited)",
				);
				GCC_WARN_64_TO_32_BIT_CONVERSION = YES;
				GCC_WARN_ABOUT_RETURN_TYPE = YES_ERROR;
				GCC_WARN_UNDECLARED_SELECTOR = YES;
				GCC_WARN_UNINITIALIZED_AUTOS = YES_AGGRESSIVE;
				GCC_WARN_UNUSED_FUNCTION = YES;
				GCC_WARN_UNUSED_VARIABLE = YES;
				IPHONEOS_DEPLOYMENT_TARGET = 17.5;
				LOCALIZATION_PREFERS_STRING_CATALOGS = YES;
				MTL_ENABLE_DEBUG_INFO = INCLUDE_SOURCE;
				MTL_FAST_MATH = YES;
				ONLY_ACTIVE_ARCH = YES;
				SDKROOT = iphoneos;
				SWIFT_ACTIVE_COMPILATION_CONDITIONS = "DEBUG $(inherited)";
				SWIFT_OPTIMIZATION_LEVEL = "-Onone";
			};
			name = Debug;
		};
		5B1A2E5A2C8F0A9E00123456 /* Release */ = {
			isa = XCBuildConfiguration;
			buildSettings = {
				ALWAYS_SEARCH_USER_PATHS = NO;
				ASSETCATALOG_COMPILER_GENERATE_SWIFT_ASSET_SYMBOL_EXTENSIONS = YES;
				CLANG_ANALYZER_NONNULL = YES;
				CLANG_ANALYZER_NUMBER_OBJECT_CONVERSION = YES_AGGRESSIVE;
				CLANG_CXX_LANGUAGE_STANDARD = "gnu++20";
				CLANG_ENABLE_MODULES = YES;
				CLANG_ENABLE_OBJC_ARC = YES;
				CLANG_ENABLE_OBJC_WEAK = YES;
				CLANG_WARN_BLOCK_CAPTURE_AUTORELEASING = YES;
				CLANG_WARN_BOOL_CONVERSION = YES;
				CLANG_WARN_COMMA = YES;
				CLANG_WARN_CONSTANT_CONVERSION = YES;
				CLANG_WARN_DEPRECATED_OBJC_IMPLEMENTATIONS = YES;
				CLANG_WARN_DIRECT_OBJC_ISA_USAGE = YES_ERROR;
				CLANG_WARN_DOCUMENTATION_COMMENTS = YES;
				CLANG_WARN_EMPTY_BODY = YES;
				CLANG_WARN_ENUM_CONVERSION = YES;
				CLANG_WARN_INFINITE_RECURSION = YES;
				CLANG_WARN_INT_CONVERSION = YES;
				CLANG_WARN_NON_LITERAL_NULL_CONVERSION = YES;
				CLANG_WARN_OBJC_IMPLICIT_RETAIN_SELF = YES;
				CLANG_WARN_OBJC_LITERAL_CONVERSION = YES;
				CLANG_WARN_OBJC_ROOT_CLASS = YES_ERROR;
				CLANG_WARN_QUOTED_INCLUDE_IN_FRAMEWORK_HEADER = YES;
				CLANG_WARN_RANGE_LOOP_ANALYSIS = YES;
				CLANG_WARN_STRICT_PROTOTYPES = YES;
				CLANG_WARN_SUSPICIOUS_MOVE = YES;
				CLANG_WARN_UNGUARDED_AVAILABILITY = YES_AGGRESSIVE;
				CLANG_WARN_UNREACHABLE_CODE = YES;
				CLANG_WARN__DUPLICATE_METHOD_MATCH = YES;
				COPY_PHASE_STRIP = NO;
				DEBUG_INFORMATION_FORMAT = "dwarf-with-dsym";
				ENABLE_NS_ASSERTIONS = NO;
				ENABLE_STRICT_OBJC_MSGSEND = YES;
				ENABLE_USER_SCRIPT_SANDBOXING = YES;
				GCC_C_LANGUAGE_STANDARD = gnu17;
				GCC_NO_COMMON_BLOCKS = YES;
				GCC_WARN_64_TO_32_BIT_CONVERSION = YES;
				GCC_WARN_ABOUT_RETURN_TYPE = YES_ERROR;
				GCC_WARN_UNDECLARED_SELECTOR = YES;
				GCC_WARN_UNINITIALIZED_AUTOS = YES_AGGRESSIVE;
				GCC_WARN_UNUSED_FUNCTION = YES;
				GCC_WARN_UNUSED_VARIABLE = YES;
				IPHONEOS_DEPLOYMENT_TARGET = 17.5;
				LOCALIZATION_PREFERS_STRING_CATALOGS = YES;
				MTL_ENABLE_DEBUG_INFO = NO;
				MTL_FAST_MATH = YES;
				SDKROOT = iphoneos;
				SWIFT_COMPILATION_MODE = wholemodule;
				VALIDATE_PRODUCT = YES;
			};
			name = Release;
		};
		5B1A2E5C2C8F0A9E00123456 /* Debug */ = {
			isa = XCBuildConfiguration;
			buildSettings = {
				ASSETCATALOG_COMPILER_APPICON_NAME = AppIcon;
				ASSETCATALOG_COMPILER_GLOBAL_ACCENT_COLOR_NAME = AccentColor;
				CODE_SIGN_STYLE = Automatic;
				CURRENT_PROJECT_VERSION = 1;
				DEVELOPMENT_ASSET_PATHS = "\"ArticleApp/Preview Content\"";
				DEVELOPMENT_TEAM = "";
				ENABLE_PREVIEWS = YES;
				GENERATE_INFOPLIST_FILE = YES;
				INFOPLIST_FILE = ArticleApp/Info.plist;
				INFOPLIST_KEY_UIApplicationSceneManifest_Generation = YES;
				INFOPLIST_KEY_UIApplicationSupportsIndirectInputEvents = YES;
				INFOPLIST_KEY_UILaunchScreen_Generation = YES;
				INFOPLIST_KEY_UISupportedInterfaceOrientations_iPad = "UIInterfaceOrientationPortrait UIInterfaceOrientationPortraitUpsideDown UIInterfaceOrientationLandscapeLeft UIInterfaceOrientationLandscapeRight";
				INFOPLIST_KEY_UISupportedInterfaceOrientations_iPhone = "UIInterfaceOrientationPortrait UIInterfaceOrientationLandscapeLeft UIInterfaceOrientationLandscapeRight";
				LD_RUNPATH_SEARCH_PATHS = (
					"$(inherited)",
					"@executable_path/Frameworks",
				);
				MARKETING_VERSION = 1.0;
				PRODUCT_BUNDLE_IDENTIFIER = com.yourcompany.ArticleApp;
				PRODUCT_NAME = "$(TARGET_NAME)";
				SWIFT_EMIT_LOC_STRINGS = YES;
				SWIFT_VERSION = 5.0;
				TARGETED_DEVICE_FAMILY = "1,2";
			};
			name = Debug;
		};
		5B1A2E5D2C8F0A9E00123456 /* Release */ = {
			isa = XCBuildConfiguration;
			buildSettings = {
				ASSETCATALOG_COMPILER_APPICON_NAME = AppIcon;
				ASSETCATALOG_COMPILER_GLOBAL_ACCENT_COLOR_NAME = AccentColor;
				CODE_SIGN_STYLE = Automatic;
				CURRENT_PROJECT_VERSION = 1;
				DEVELOPMENT_ASSET_PATHS = "\"ArticleApp/Preview Content\"";
				DEVELOPMENT_TEAM = "";
				ENABLE_PREVIEWS = YES;
				GENERATE_INFOPLIST_FILE = YES;
				INFOPLIST_FILE = ArticleApp/Info.plist;
				INFOPLIST_KEY_UIApplicationSceneManifest_Generation = YES;
				INFOPLIST_KEY_UIApplicationSupportsIndirectInputEvents = YES;
				INFOPLIST_KEY_UILaunchScreen_Generation = YES;
				INFOPLIST_KEY_UISupportedInterfaceOrientations_iPad = "UIInterfaceOrientationPortrait UIInterfaceOrientationPortraitUpsideDown UIInterfaceOrientationLandscapeLeft UIInterfaceOrientationLandscapeRight";
				INFOPLIST_KEY_UISupportedInterfaceOrientations_iPhone = "UIInterfaceOrientationPortrait UIInterfaceOrientationLandscapeLeft UIInterfaceOrientationLandscapeRight";
				LD_RUNPATH_SEARCH_PATHS = (
					"$(inherited)",
					"@executable_path/Frameworks",
				);
				MARKETING_VERSION = 1.0;
				PRODUCT_BUNDLE_IDENTIFIER = com.yourcompany.ArticleApp;
				PRODUCT_NAME = "$(TARGET_NAME)";
				SWIFT_EMIT_LOC_STRINGS = YES;
				SWIFT_VERSION = 5.0;
				TARGETED_DEVICE_FAMILY = "1,2";
			};
			name = Release;
		};
/* End XCBuildConfiguration section */

/* Begin XCConfigurationList section */
		5B1A2E2F2C8F0A9C00123456 /* Build configuration list for PBXProject "ArticleApp" */ = {
			isa = XCConfigurationList;
			buildConfigurations = (
				5B1A2E592C8F0A9E00123456 /* Debug */,
				5B1A2E5A2C8F0A9E00123456 /* Release */,
			);
			defaultConfigurationIsVisible = 0;
			defaultConfigurationName = Release;
		};
		5B1A2E5B2C8F0A9E00123456 /* Build configuration list for PBXNativeTarget "ArticleApp" */ = {
			isa = XCConfigurationList;
			buildConfigurations = (
				5B1A2E5C2C8F0A9E00123456 /* Debug */,
				5B1A2E5D2C8F0A9E00123456 /* Release */,
			);
			defaultConfigurationIsVisible = 0;
			defaultConfigurationName = Release;
		};
/* End XCConfigurationList section */
	};
	rootObject = 5B1A2E2C2C8F0A9C00123456 /* Project object */;
}